
Microsoft Visual Studio Solution File, Format Version 12.00
# Visual Studio Version 16
VisualStudioVersion = 16.0.30804.86
MinimumVisualStudioVersion = 10.0.40219.1
Project("{9A19103F-16F7-4668-BE54-9A1E7A4F7556}") = "Compton GUI WPF", "Compton GUI WPF\Compton GUI WPF.csproj", "{0C6A08D3-9E16-424B-A54C-2CBF4B5FB2B9}"
EndProject
Project("{9A19103F-16F7-4668-BE54-9A1E7A4F7556}") = "mono-LACC MLPE", "mono-LACC MLPE\mono-LACC MLPE.csproj", "{CD1A9E8A-B2BF-40A6-A614-E681AC4EC37D}"
EndProject
Project("{9A19103F-16F7-4668-BE54-9A1E7A4F7556}") = "SFchart", "SFchart\SFchart.csproj", "{E4C79EEF-73FA-4681-AA0B-98C3B429FC68}"
EndProject
Project("{9A19103F-16F7-4668-BE54-9A1E7A4F7556}") = "ComtponBP-WrapperTEst", "ComtponBP-WrapperTEst\ComtponBP-WrapperTEst.csproj", "{D8BB1202-A897-4750-9F06-0E31DE93C687}"
EndProject
Project("{9A19103F-16F7-4668-BE54-9A1E7A4F7556}") = "HUREL-Compton-Class", "HUREL-Compton-Class\HUREL-Compton-Class.csproj", "{1A164310-FD2E-4737-B135-68CE2C5DA304}"
EndProject
Project("{8BC9CEB8-8B4A-11D0-8D11-00A0C91BC942}") = "Compton Wrapper", "SLAM wrapper\SLAM wrapper.vcxproj", "{D97493EF-BB66-40AB-BF63-D02BF7B3C911}"
EndProject
Global
	GlobalSection(SolutionConfigurationPlatforms) = preSolution
		Debug|Any CPU = Debug|Any CPU
		Debug|x64 = Debug|x64
		Debug|x86 = Debug|x86
		Release|Any CPU = Release|Any CPU
		Release|x64 = Release|x64
		Release|x86 = Release|x86
	EndGlobalSection
	GlobalSection(ProjectConfigurationPlatforms) = postSolution
		{0C6A08D3-9E16-424B-A54C-2CBF4B5FB2B9}.Debug|Any CPU.ActiveCfg = Debug|Any CPU
		{0C6A08D3-9E16-424B-A54C-2CBF4B5FB2B9}.Debug|Any CPU.Build.0 = Debug|Any CPU
		{0C6A08D3-9E16-424B-A54C-2CBF4B5FB2B9}.Debug|x64.ActiveCfg = Debug|x64
		{0C6A08D3-9E16-424B-A54C-2CBF4B5FB2B9}.Debug|x64.Build.0 = Debug|x64
		{0C6A08D3-9E16-424B-A54C-2CBF4B5FB2B9}.Debug|x86.ActiveCfg = Debug|Any CPU
		{0C6A08D3-9E16-424B-A54C-2CBF4B5FB2B9}.Debug|x86.Build.0 = Debug|Any CPU
		{0C6A08D3-9E16-424B-A54C-2CBF4B5FB2B9}.Release|Any CPU.ActiveCfg = Release|Any CPU
		{0C6A08D3-9E16-424B-A54C-2CBF4B5FB2B9}.Release|Any CPU.Build.0 = Release|Any CPU
		{0C6A08D3-9E16-424B-A54C-2CBF4B5FB2B9}.Release|x64.ActiveCfg = Release|x64
		{0C6A08D3-9E16-424B-A54C-2CBF4B5FB2B9}.Release|x64.Build.0 = Release|x64
		{0C6A08D3-9E16-424B-A54C-2CBF4B5FB2B9}.Release|x86.ActiveCfg = Release|Any CPU
		{0C6A08D3-9E16-424B-A54C-2CBF4B5FB2B9}.Release|x86.Build.0 = Release|Any CPU
		{CD1A9E8A-B2BF-40A6-A614-E681AC4EC37D}.Debug|Any CPU.ActiveCfg = Debug|Any CPU
		{CD1A9E8A-B2BF-40A6-A614-E681AC4EC37D}.Debug|Any CPU.Build.0 = Debug|Any CPU
		{CD1A9E8A-B2BF-40A6-A614-E681AC4EC37D}.Debug|x64.ActiveCfg = Debug|Any CPU
		{CD1A9E8A-B2BF-40A6-A614-E681AC4EC37D}.Debug|x64.Build.0 = Debug|Any CPU
		{CD1A9E8A-B2BF-40A6-A614-E681AC4EC37D}.Debug|x86.ActiveCfg = Debug|Any CPU
		{CD1A9E8A-B2BF-40A6-A614-E681AC4EC37D}.Debug|x86.Build.0 = Debug|Any CPU
		{CD1A9E8A-B2BF-40A6-A614-E681AC4EC37D}.Release|Any CPU.ActiveCfg = Release|Any CPU
		{CD1A9E8A-B2BF-40A6-A614-E681AC4EC37D}.Release|Any CPU.Build.0 = Release|Any CPU
		{CD1A9E8A-B2BF-40A6-A614-E681AC4EC37D}.Release|x64.ActiveCfg = Release|Any CPU
		{CD1A9E8A-B2BF-40A6-A614-E681AC4EC37D}.Release|x64.Build.0 = Release|Any CPU
		{CD1A9E8A-B2BF-40A6-A614-E681AC4EC37D}.Release|x86.ActiveCfg = Release|Any CPU
		{CD1A9E8A-B2BF-40A6-A614-E681AC4EC37D}.Release|x86.Build.0 = Release|Any CPU
		{E4C79EEF-73FA-4681-AA0B-98C3B429FC68}.Debug|Any CPU.ActiveCfg = Debug|Any CPU
		{E4C79EEF-73FA-4681-AA0B-98C3B429FC68}.Debug|Any CPU.Build.0 = Debug|Any CPU
		{E4C79EEF-73FA-4681-AA0B-98C3B429FC68}.Debug|x64.ActiveCfg = Debug|Any CPU
		{E4C79EEF-73FA-4681-AA0B-98C3B429FC68}.Debug|x64.Build.0 = Debug|Any CPU
		{E4C79EEF-73FA-4681-AA0B-98C3B429FC68}.Debug|x86.ActiveCfg = Debug|Any CPU
		{E4C79EEF-73FA-4681-AA0B-98C3B429FC68}.Debug|x86.Build.0 = Debug|Any CPU
		{E4C79EEF-73FA-4681-AA0B-98C3B429FC68}.Release|Any CPU.ActiveCfg = Release|Any CPU
		{E4C79EEF-73FA-4681-AA0B-98C3B429FC68}.Release|Any CPU.Build.0 = Release|Any CPU
		{E4C79EEF-73FA-4681-AA0B-98C3B429FC68}.Release|x64.ActiveCfg = Release|Any CPU
		{E4C79EEF-73FA-4681-AA0B-98C3B429FC68}.Release|x64.Build.0 = Release|Any CPU
		{E4C79EEF-73FA-4681-AA0B-98C3B429FC68}.Release|x86.ActiveCfg = Release|Any CPU
		{E4C79EEF-73FA-4681-AA0B-98C3B429FC68}.Release|x86.Build.0 = Release|Any CPU
		{D8BB1202-A897-4750-9F06-0E31DE93C687}.Debug|Any CPU.ActiveCfg = Debug|Any CPU
		{D8BB1202-A897-4750-9F06-0E31DE93C687}.Debug|Any CPU.Build.0 = Debug|Any CPU
		{D8BB1202-A897-4750-9F06-0E31DE93C687}.Debug|x64.ActiveCfg = Debug|Any CPU
		{D8BB1202-A897-4750-9F06-0E31DE93C687}.Debug|x64.Build.0 = Debug|Any CPU
		{D8BB1202-A897-4750-9F06-0E31DE93C687}.Debug|x86.ActiveCfg = Debug|Any CPU
		{D8BB1202-A897-4750-9F06-0E31DE93C687}.Debug|x86.Build.0 = Debug|Any CPU
		{D8BB1202-A897-4750-9F06-0E31DE93C687}.Release|Any CPU.ActiveCfg = Release|Any CPU
		{D8BB1202-A897-4750-9F06-0E31DE93C687}.Release|Any CPU.Build.0 = Release|Any CPU
		{D8BB1202-A897-4750-9F06-0E31DE93C687}.Release|x64.ActiveCfg = Release|Any CPU
		{D8BB1202-A897-4750-9F06-0E31DE93C687}.Release|x64.Build.0 = Release|Any CPU
		{D8BB1202-A897-4750-9F06-0E31DE93C687}.Release|x86.ActiveCfg = Release|Any CPU
		{D8BB1202-A897-4750-9F06-0E31DE93C687}.Release|x86.Build.0 = Release|Any CPU
		{1A164310-FD2E-4737-B135-68CE2C5DA304}.Debug|Any CPU.ActiveCfg = Debug|Any CPU
		{1A164310-FD2E-4737-B135-68CE2C5DA304}.Debug|Any CPU.Build.0 = Debug|Any CPU
		{1A164310-FD2E-4737-B135-68CE2C5DA304}.Debug|x64.ActiveCfg = Debug|Any CPU
		{1A164310-FD2E-4737-B135-68CE2C5DA304}.Debug|x64.Build.0 = Debug|Any CPU
		{1A164310-FD2E-4737-B135-68CE2C5DA304}.Debug|x86.ActiveCfg = Debug|Any CPU
		{1A164310-FD2E-4737-B135-68CE2C5DA304}.Debug|x86.Build.0 = Debug|Any CPU
		{1A164310-FD2E-4737-B135-68CE2C5DA304}.Release|Any CPU.ActiveCfg = Release|Any CPU
		{1A164310-FD2E-4737-B135-68CE2C5DA304}.Release|Any CPU.Build.0 = Release|Any CPU
		{1A164310-FD2E-4737-B135-68CE2C5DA304}.Release|x64.ActiveCfg = Release|Any CPU
		{1A164310-FD2E-4737-B135-68CE2C5DA304}.Release|x64.Build.0 = Release|Any CPU
		{1A164310-FD2E-4737-B135-68CE2C5DA304}.Release|x86.ActiveCfg = Release|Any CPU
		{1A164310-FD2E-4737-B135-68CE2C5DA304}.Release|x86.Build.0 = Release|Any CPU
		{D97493EF-BB66-40AB-BF63-D02BF7B3C911}.Debug|Any CPU.ActiveCfg = Debug|Win32
		{D97493EF-BB66-40AB-BF63-D02BF7B3C911}.Debug|x64.ActiveCfg = Debug|x64
		{D97493EF-BB66-40AB-BF63-D02BF7B3C911}.Debug|x64.Build.0 = Debug|x64
		{D97493EF-BB66-40AB-BF63-D02BF7B3C911}.Debug|x86.ActiveCfg = Debug|Win32
		{D97493EF-BB66-40AB-BF63-D02BF7B3C911}.Debug|x86.Build.0 = Debug|Win32
		{D97493EF-BB66-40AB-BF63-D02BF7B3C911}.Release|Any CPU.ActiveCfg = Release|Win32
		{D97493EF-BB66-40AB-BF63-D02BF7B3C911}.Release|x64.ActiveCfg = Release|x64
		{D97493EF-BB66-40AB-BF63-D02BF7B3C911}.Release|x64.Build.0 = Release|x64
		{D97493EF-BB66-40AB-BF63-D02BF7B3C911}.Release|x86.ActiveCfg = Release|Win32
		{D97493EF-BB66-40AB-BF63-D02BF7B3C911}.Release|x86.Build.0 = Release|Win32
	EndGlobalSection
	GlobalSection(SolutionProperties) = preSolution
		HideSolutionNode = FALSE
	EndGlobalSection
	GlobalSection(ExtensibilityGlobals) = postSolution
		SolutionGuid = {74CA38BF-A3FB-49F4-A69B-CB0D52BED6F9}
	EndGlobalSection
EndGlobal
