
Microsoft Visual Studio Solution File, Format Version 12.00
# Visual Studio Version 17
VisualStudioVersion = 17.1.32210.238
MinimumVisualStudioVersion = 10.0.40219.1
Project("{9A19103F-16F7-4668-BE54-9A1E7A4F7556}") = "Compton GUI WPF", "Compton GUI WPF\Compton GUI WPF.csproj", "{0C6A08D3-9E16-424B-A54C-2CBF4B5FB2B9}"
EndProject
Project("{8BC9CEB8-8B4A-11D0-8D11-00A0C91BC942}") = "Wrapper", "SLAM wrapper\SLAM wrapper.vcxproj", "{D97493EF-BB66-40AB-BF63-D02BF7B3C911}"
EndProject
Project("{2150E333-8FDC-42A3-9474-1A3956D46DE8}") = "SLAM", "SLAM", "{DE2894DA-DE1D-4BB3-A2D8-25E9243DA71B}"
EndProject
Project("{8BC9CEB8-8B4A-11D0-8D11-00A0C91BC942}") = "Realsense Control Library", "Realsense Control Library\Realsense Control Library.vcxproj", "{7B5C39FB-826B-4FCC-9B2E-90D025688FAE}"
EndProject
Project("{2150E333-8FDC-42A3-9474-1A3956D46DE8}") = "Data aqusition", "Data aqusition", "{2A17E0E0-F60D-4C30-8D54-9678138FD709}"
EndProject
Project("{8BC9CEB8-8B4A-11D0-8D11-00A0C91BC942}") = "Image reconstruction", "Image reconstruction\Image reconstruction.vcxproj", "{65C76D11-E19D-4622-B6AC-799CA0B1BF5C}"
EndProject
Project("{8BC9CEB8-8B4A-11D0-8D11-00A0C91BC942}") = "Test Image reconstruction", "Test Image reconstruction\Test Image reconstruction.vcxproj", "{B4DB5AF4-F09F-4BBA-9122-127AC30229F0}"
EndProject
Project("{8BC9CEB8-8B4A-11D0-8D11-00A0C91BC942}") = "Rtabmap SLAM Control Library", "Rtabmap SLAM Control Library\Rtabmap SLAM Control Library.vcxproj", "{CA04CCA4-477D-436C-8DF9-40BDA121FB22}"
EndProject
Project("{8BC9CEB8-8B4A-11D0-8D11-00A0C91BC942}") = "SLAM data collector", "SLAM data collector\SLAM data collector.vcxproj", "{9E14A1E4-2C6C-4208-8E49-43BE68E30826}"
EndProject
Project("{9A19103F-16F7-4668-BE54-9A1E7A4F7556}") = "HUREL Imager GUI", "HUREL Imager GUI\HUREL Imager GUI.csproj", "{1B939729-EBDA-4E2A-B146-C0AA184D3CBE}"
EndProject
Project("{9A19103F-16F7-4668-BE54-9A1E7A4F7556}") = "Hurel Radiation Imager", "Hurel Radiation Imager\Hurel Radiation Imager.csproj", "{31A3849D-85F9-41C1-B127-C16A9C719ADD}"
EndProject
Project("{9A19103F-16F7-4668-BE54-9A1E7A4F7556}") = "Test Console", "Test Console\Test Console.csproj", "{128D3086-4958-4A01-8559-7DEAD33A4C7A}"
EndProject
Project("{9A19103F-16F7-4668-BE54-9A1E7A4F7556}") = "WrapperLogger", "WrapperLogger\WrapperLogger.csproj", "{56F9CFCB-A0ED-4E37-89FB-39847EA1021D}"
EndProject
Project("{8BC9CEB8-8B4A-11D0-8D11-00A0C91BC942}") = "Logger", "Logger\Logger.vcxproj", "{1E0E3F95-6659-4929-A948-355E06C1476C}"
EndProject
Project("{8BC9CEB8-8B4A-11D0-8D11-00A0C91BC942}") = "testLibConsole", "testLibConsole\testLibConsole.vcxproj", "{B890BCCB-616B-46F6-BAB4-29AFBBBF07F0}"
EndProject
Global
	GlobalSection(SolutionConfigurationPlatforms) = preSolution
		Debug|Any CPU = Debug|Any CPU
		Debug|ARM = Debug|ARM
		Debug|x64 = Debug|x64
		Debug|x86 = Debug|x86
		Release|Any CPU = Release|Any CPU
		Release|ARM = Release|ARM
		Release|x64 = Release|x64
		Release|x86 = Release|x86
	EndGlobalSection
	GlobalSection(ProjectConfigurationPlatforms) = postSolution
		{0C6A08D3-9E16-424B-A54C-2CBF4B5FB2B9}.Debug|Any CPU.ActiveCfg = Debug|Any CPU
		{0C6A08D3-9E16-424B-A54C-2CBF4B5FB2B9}.Debug|Any CPU.Build.0 = Debug|Any CPU
		{0C6A08D3-9E16-424B-A54C-2CBF4B5FB2B9}.Debug|ARM.ActiveCfg = Debug|Any CPU
		{0C6A08D3-9E16-424B-A54C-2CBF4B5FB2B9}.Debug|ARM.Build.0 = Debug|Any CPU
		{0C6A08D3-9E16-424B-A54C-2CBF4B5FB2B9}.Debug|x64.ActiveCfg = Debug|x64
		{0C6A08D3-9E16-424B-A54C-2CBF4B5FB2B9}.Debug|x64.Build.0 = Debug|x64
		{0C6A08D3-9E16-424B-A54C-2CBF4B5FB2B9}.Debug|x86.ActiveCfg = Debug|Any CPU
		{0C6A08D3-9E16-424B-A54C-2CBF4B5FB2B9}.Debug|x86.Build.0 = Debug|Any CPU
		{0C6A08D3-9E16-424B-A54C-2CBF4B5FB2B9}.Release|Any CPU.ActiveCfg = Release|Any CPU
		{0C6A08D3-9E16-424B-A54C-2CBF4B5FB2B9}.Release|Any CPU.Build.0 = Release|Any CPU
		{0C6A08D3-9E16-424B-A54C-2CBF4B5FB2B9}.Release|ARM.ActiveCfg = Release|Any CPU
		{0C6A08D3-9E16-424B-A54C-2CBF4B5FB2B9}.Release|ARM.Build.0 = Release|Any CPU
		{0C6A08D3-9E16-424B-A54C-2CBF4B5FB2B9}.Release|x64.ActiveCfg = Release|x64
		{0C6A08D3-9E16-424B-A54C-2CBF4B5FB2B9}.Release|x64.Build.0 = Release|x64
		{0C6A08D3-9E16-424B-A54C-2CBF4B5FB2B9}.Release|x86.ActiveCfg = Release|Any CPU
		{0C6A08D3-9E16-424B-A54C-2CBF4B5FB2B9}.Release|x86.Build.0 = Release|Any CPU
		{D97493EF-BB66-40AB-BF63-D02BF7B3C911}.Debug|Any CPU.ActiveCfg = Debug|Win32
		{D97493EF-BB66-40AB-BF63-D02BF7B3C911}.Debug|ARM.ActiveCfg = Debug|x64
		{D97493EF-BB66-40AB-BF63-D02BF7B3C911}.Debug|ARM.Build.0 = Debug|x64
		{D97493EF-BB66-40AB-BF63-D02BF7B3C911}.Debug|x64.ActiveCfg = Debug|x64
		{D97493EF-BB66-40AB-BF63-D02BF7B3C911}.Debug|x64.Build.0 = Debug|x64
		{D97493EF-BB66-40AB-BF63-D02BF7B3C911}.Debug|x86.ActiveCfg = Debug|Win32
		{D97493EF-BB66-40AB-BF63-D02BF7B3C911}.Debug|x86.Build.0 = Debug|Win32
		{D97493EF-BB66-40AB-BF63-D02BF7B3C911}.Release|Any CPU.ActiveCfg = Release|Win32
		{D97493EF-BB66-40AB-BF63-D02BF7B3C911}.Release|ARM.ActiveCfg = Release|x64
		{D97493EF-BB66-40AB-BF63-D02BF7B3C911}.Release|ARM.Build.0 = Release|x64
		{D97493EF-BB66-40AB-BF63-D02BF7B3C911}.Release|x64.ActiveCfg = Release|x64
		{D97493EF-BB66-40AB-BF63-D02BF7B3C911}.Release|x64.Build.0 = Release|x64
		{D97493EF-BB66-40AB-BF63-D02BF7B3C911}.Release|x86.ActiveCfg = Release|Win32
		{D97493EF-BB66-40AB-BF63-D02BF7B3C911}.Release|x86.Build.0 = Release|Win32
		{7B5C39FB-826B-4FCC-9B2E-90D025688FAE}.Debug|Any CPU.ActiveCfg = Debug|Win32
		{7B5C39FB-826B-4FCC-9B2E-90D025688FAE}.Debug|ARM.ActiveCfg = Debug|x64
		{7B5C39FB-826B-4FCC-9B2E-90D025688FAE}.Debug|ARM.Build.0 = Debug|x64
		{7B5C39FB-826B-4FCC-9B2E-90D025688FAE}.Debug|x64.ActiveCfg = Debug|x64
		{7B5C39FB-826B-4FCC-9B2E-90D025688FAE}.Debug|x64.Build.0 = Debug|x64
		{7B5C39FB-826B-4FCC-9B2E-90D025688FAE}.Debug|x86.ActiveCfg = Debug|Win32
		{7B5C39FB-826B-4FCC-9B2E-90D025688FAE}.Debug|x86.Build.0 = Debug|Win32
		{7B5C39FB-826B-4FCC-9B2E-90D025688FAE}.Release|Any CPU.ActiveCfg = Release|Win32
		{7B5C39FB-826B-4FCC-9B2E-90D025688FAE}.Release|ARM.ActiveCfg = Release|x64
		{7B5C39FB-826B-4FCC-9B2E-90D025688FAE}.Release|ARM.Build.0 = Release|x64
		{7B5C39FB-826B-4FCC-9B2E-90D025688FAE}.Release|x64.ActiveCfg = Release|x64
		{7B5C39FB-826B-4FCC-9B2E-90D025688FAE}.Release|x64.Build.0 = Release|x64
		{7B5C39FB-826B-4FCC-9B2E-90D025688FAE}.Release|x86.ActiveCfg = Release|Win32
		{7B5C39FB-826B-4FCC-9B2E-90D025688FAE}.Release|x86.Build.0 = Release|Win32
		{65C76D11-E19D-4622-B6AC-799CA0B1BF5C}.Debug|Any CPU.ActiveCfg = Debug|Win32
		{65C76D11-E19D-4622-B6AC-799CA0B1BF5C}.Debug|ARM.ActiveCfg = Debug|x64
		{65C76D11-E19D-4622-B6AC-799CA0B1BF5C}.Debug|ARM.Build.0 = Debug|x64
		{65C76D11-E19D-4622-B6AC-799CA0B1BF5C}.Debug|x64.ActiveCfg = Debug|x64
		{65C76D11-E19D-4622-B6AC-799CA0B1BF5C}.Debug|x64.Build.0 = Debug|x64
		{65C76D11-E19D-4622-B6AC-799CA0B1BF5C}.Debug|x86.ActiveCfg = Debug|Win32
		{65C76D11-E19D-4622-B6AC-799CA0B1BF5C}.Debug|x86.Build.0 = Debug|Win32
		{65C76D11-E19D-4622-B6AC-799CA0B1BF5C}.Release|Any CPU.ActiveCfg = Release|Win32
		{65C76D11-E19D-4622-B6AC-799CA0B1BF5C}.Release|ARM.ActiveCfg = Release|x64
		{65C76D11-E19D-4622-B6AC-799CA0B1BF5C}.Release|ARM.Build.0 = Release|x64
		{65C76D11-E19D-4622-B6AC-799CA0B1BF5C}.Release|x64.ActiveCfg = Release|x64
		{65C76D11-E19D-4622-B6AC-799CA0B1BF5C}.Release|x64.Build.0 = Release|x64
		{65C76D11-E19D-4622-B6AC-799CA0B1BF5C}.Release|x86.ActiveCfg = Release|Win32
		{65C76D11-E19D-4622-B6AC-799CA0B1BF5C}.Release|x86.Build.0 = Release|Win32
		{B4DB5AF4-F09F-4BBA-9122-127AC30229F0}.Debug|Any CPU.ActiveCfg = Debug|Win32
		{B4DB5AF4-F09F-4BBA-9122-127AC30229F0}.Debug|ARM.ActiveCfg = Debug|x64
		{B4DB5AF4-F09F-4BBA-9122-127AC30229F0}.Debug|ARM.Build.0 = Debug|x64
		{B4DB5AF4-F09F-4BBA-9122-127AC30229F0}.Debug|x64.ActiveCfg = Debug|x64
		{B4DB5AF4-F09F-4BBA-9122-127AC30229F0}.Debug|x64.Build.0 = Debug|x64
		{B4DB5AF4-F09F-4BBA-9122-127AC30229F0}.Debug|x86.ActiveCfg = Debug|Win32
		{B4DB5AF4-F09F-4BBA-9122-127AC30229F0}.Debug|x86.Build.0 = Debug|Win32
		{B4DB5AF4-F09F-4BBA-9122-127AC30229F0}.Release|Any CPU.ActiveCfg = Release|Win32
		{B4DB5AF4-F09F-4BBA-9122-127AC30229F0}.Release|ARM.ActiveCfg = Release|x64
		{B4DB5AF4-F09F-4BBA-9122-127AC30229F0}.Release|ARM.Build.0 = Release|x64
		{B4DB5AF4-F09F-4BBA-9122-127AC30229F0}.Release|x64.ActiveCfg = Release|x64
		{B4DB5AF4-F09F-4BBA-9122-127AC30229F0}.Release|x64.Build.0 = Release|x64
		{B4DB5AF4-F09F-4BBA-9122-127AC30229F0}.Release|x86.ActiveCfg = Release|Win32
		{B4DB5AF4-F09F-4BBA-9122-127AC30229F0}.Release|x86.Build.0 = Release|Win32
		{CA04CCA4-477D-436C-8DF9-40BDA121FB22}.Debug|Any CPU.ActiveCfg = Debug|x64
		{CA04CCA4-477D-436C-8DF9-40BDA121FB22}.Debug|Any CPU.Build.0 = Debug|x64
		{CA04CCA4-477D-436C-8DF9-40BDA121FB22}.Debug|ARM.ActiveCfg = Debug|x64
		{CA04CCA4-477D-436C-8DF9-40BDA121FB22}.Debug|ARM.Build.0 = Debug|x64
		{CA04CCA4-477D-436C-8DF9-40BDA121FB22}.Debug|x64.ActiveCfg = Debug|x64
		{CA04CCA4-477D-436C-8DF9-40BDA121FB22}.Debug|x64.Build.0 = Debug|x64
		{CA04CCA4-477D-436C-8DF9-40BDA121FB22}.Debug|x86.ActiveCfg = Debug|Win32
		{CA04CCA4-477D-436C-8DF9-40BDA121FB22}.Debug|x86.Build.0 = Debug|Win32
		{CA04CCA4-477D-436C-8DF9-40BDA121FB22}.Release|Any CPU.ActiveCfg = Release|x64
		{CA04CCA4-477D-436C-8DF9-40BDA121FB22}.Release|Any CPU.Build.0 = Release|x64
		{CA04CCA4-477D-436C-8DF9-40BDA121FB22}.Release|ARM.ActiveCfg = Release|x64
		{CA04CCA4-477D-436C-8DF9-40BDA121FB22}.Release|ARM.Build.0 = Release|x64
		{CA04CCA4-477D-436C-8DF9-40BDA121FB22}.Release|x64.ActiveCfg = Release|x64
		{CA04CCA4-477D-436C-8DF9-40BDA121FB22}.Release|x64.Build.0 = Release|x64
		{CA04CCA4-477D-436C-8DF9-40BDA121FB22}.Release|x86.ActiveCfg = Release|Win32
		{CA04CCA4-477D-436C-8DF9-40BDA121FB22}.Release|x86.Build.0 = Release|Win32
		{9E14A1E4-2C6C-4208-8E49-43BE68E30826}.Debug|Any CPU.ActiveCfg = Debug|x64
		{9E14A1E4-2C6C-4208-8E49-43BE68E30826}.Debug|Any CPU.Build.0 = Debug|x64
		{9E14A1E4-2C6C-4208-8E49-43BE68E30826}.Debug|ARM.ActiveCfg = Debug|x64
		{9E14A1E4-2C6C-4208-8E49-43BE68E30826}.Debug|ARM.Build.0 = Debug|x64
		{9E14A1E4-2C6C-4208-8E49-43BE68E30826}.Debug|x64.ActiveCfg = Debug|x64
		{9E14A1E4-2C6C-4208-8E49-43BE68E30826}.Debug|x64.Build.0 = Debug|x64
		{9E14A1E4-2C6C-4208-8E49-43BE68E30826}.Debug|x86.ActiveCfg = Debug|Win32
		{9E14A1E4-2C6C-4208-8E49-43BE68E30826}.Debug|x86.Build.0 = Debug|Win32
		{9E14A1E4-2C6C-4208-8E49-43BE68E30826}.Release|Any CPU.ActiveCfg = Release|x64
		{9E14A1E4-2C6C-4208-8E49-43BE68E30826}.Release|Any CPU.Build.0 = Release|x64
		{9E14A1E4-2C6C-4208-8E49-43BE68E30826}.Release|ARM.ActiveCfg = Release|x64
		{9E14A1E4-2C6C-4208-8E49-43BE68E30826}.Release|ARM.Build.0 = Release|x64
		{9E14A1E4-2C6C-4208-8E49-43BE68E30826}.Release|x64.ActiveCfg = Release|x64
		{9E14A1E4-2C6C-4208-8E49-43BE68E30826}.Release|x64.Build.0 = Release|x64
		{9E14A1E4-2C6C-4208-8E49-43BE68E30826}.Release|x86.ActiveCfg = Release|Win32
		{9E14A1E4-2C6C-4208-8E49-43BE68E30826}.Release|x86.Build.0 = Release|Win32
		{1B939729-EBDA-4E2A-B146-C0AA184D3CBE}.Debug|Any CPU.ActiveCfg = Debug|Any CPU
		{1B939729-EBDA-4E2A-B146-C0AA184D3CBE}.Debug|Any CPU.Build.0 = Debug|Any CPU
		{1B939729-EBDA-4E2A-B146-C0AA184D3CBE}.Debug|ARM.ActiveCfg = Debug|Any CPU
		{1B939729-EBDA-4E2A-B146-C0AA184D3CBE}.Debug|ARM.Build.0 = Debug|Any CPU
		{1B939729-EBDA-4E2A-B146-C0AA184D3CBE}.Debug|x64.ActiveCfg = Debug|x64
		{1B939729-EBDA-4E2A-B146-C0AA184D3CBE}.Debug|x64.Build.0 = Debug|x64
		{1B939729-EBDA-4E2A-B146-C0AA184D3CBE}.Debug|x86.ActiveCfg = Debug|Any CPU
		{1B939729-EBDA-4E2A-B146-C0AA184D3CBE}.Debug|x86.Build.0 = Debug|Any CPU
		{1B939729-EBDA-4E2A-B146-C0AA184D3CBE}.Release|Any CPU.ActiveCfg = Release|Any CPU
		{1B939729-EBDA-4E2A-B146-C0AA184D3CBE}.Release|Any CPU.Build.0 = Release|Any CPU
		{1B939729-EBDA-4E2A-B146-C0AA184D3CBE}.Release|ARM.ActiveCfg = Release|Any CPU
		{1B939729-EBDA-4E2A-B146-C0AA184D3CBE}.Release|ARM.Build.0 = Release|Any CPU
		{1B939729-EBDA-4E2A-B146-C0AA184D3CBE}.Release|x64.ActiveCfg = Release|x64
		{1B939729-EBDA-4E2A-B146-C0AA184D3CBE}.Release|x64.Build.0 = Release|x64
		{1B939729-EBDA-4E2A-B146-C0AA184D3CBE}.Release|x86.ActiveCfg = Release|Any CPU
		{1B939729-EBDA-4E2A-B146-C0AA184D3CBE}.Release|x86.Build.0 = Release|Any CPU
		{31A3849D-85F9-41C1-B127-C16A9C719ADD}.Debug|Any CPU.ActiveCfg = Debug|Any CPU
		{31A3849D-85F9-41C1-B127-C16A9C719ADD}.Debug|Any CPU.Build.0 = Debug|Any CPU
		{31A3849D-85F9-41C1-B127-C16A9C719ADD}.Debug|ARM.ActiveCfg = Debug|Any CPU
		{31A3849D-85F9-41C1-B127-C16A9C719ADD}.Debug|ARM.Build.0 = Debug|Any CPU
		{31A3849D-85F9-41C1-B127-C16A9C719ADD}.Debug|x64.ActiveCfg = Debug|x64
		{31A3849D-85F9-41C1-B127-C16A9C719ADD}.Debug|x64.Build.0 = Debug|x64
		{31A3849D-85F9-41C1-B127-C16A9C719ADD}.Debug|x86.ActiveCfg = Debug|Any CPU
		{31A3849D-85F9-41C1-B127-C16A9C719ADD}.Debug|x86.Build.0 = Debug|Any CPU
		{31A3849D-85F9-41C1-B127-C16A9C719ADD}.Release|Any CPU.ActiveCfg = Release|Any CPU
		{31A3849D-85F9-41C1-B127-C16A9C719ADD}.Release|Any CPU.Build.0 = Release|Any CPU
		{31A3849D-85F9-41C1-B127-C16A9C719ADD}.Release|ARM.ActiveCfg = Release|Any CPU
		{31A3849D-85F9-41C1-B127-C16A9C719ADD}.Release|ARM.Build.0 = Release|Any CPU
		{31A3849D-85F9-41C1-B127-C16A9C719ADD}.Release|x64.ActiveCfg = Release|x64
		{31A3849D-85F9-41C1-B127-C16A9C719ADD}.Release|x64.Build.0 = Release|x64
		{31A3849D-85F9-41C1-B127-C16A9C719ADD}.Release|x86.ActiveCfg = Release|Any CPU
		{31A3849D-85F9-41C1-B127-C16A9C719ADD}.Release|x86.Build.0 = Release|Any CPU
		{128D3086-4958-4A01-8559-7DEAD33A4C7A}.Debug|Any CPU.ActiveCfg = Debug|Any CPU
		{128D3086-4958-4A01-8559-7DEAD33A4C7A}.Debug|Any CPU.Build.0 = Debug|Any CPU
		{128D3086-4958-4A01-8559-7DEAD33A4C7A}.Debug|ARM.ActiveCfg = Debug|Any CPU
		{128D3086-4958-4A01-8559-7DEAD33A4C7A}.Debug|ARM.Build.0 = Debug|Any CPU
		{128D3086-4958-4A01-8559-7DEAD33A4C7A}.Debug|x64.ActiveCfg = Debug|x64
		{128D3086-4958-4A01-8559-7DEAD33A4C7A}.Debug|x64.Build.0 = Debug|x64
		{128D3086-4958-4A01-8559-7DEAD33A4C7A}.Debug|x86.ActiveCfg = Debug|Any CPU
		{128D3086-4958-4A01-8559-7DEAD33A4C7A}.Debug|x86.Build.0 = Debug|Any CPU
		{128D3086-4958-4A01-8559-7DEAD33A4C7A}.Release|Any CPU.ActiveCfg = Release|Any CPU
		{128D3086-4958-4A01-8559-7DEAD33A4C7A}.Release|Any CPU.Build.0 = Release|Any CPU
		{128D3086-4958-4A01-8559-7DEAD33A4C7A}.Release|ARM.ActiveCfg = Release|Any CPU
		{128D3086-4958-4A01-8559-7DEAD33A4C7A}.Release|ARM.Build.0 = Release|Any CPU
		{128D3086-4958-4A01-8559-7DEAD33A4C7A}.Release|x64.ActiveCfg = Release|x64
		{128D3086-4958-4A01-8559-7DEAD33A4C7A}.Release|x64.Build.0 = Release|x64
		{128D3086-4958-4A01-8559-7DEAD33A4C7A}.Release|x86.ActiveCfg = Release|Any CPU
		{128D3086-4958-4A01-8559-7DEAD33A4C7A}.Release|x86.Build.0 = Release|Any CPU
		{56F9CFCB-A0ED-4E37-89FB-39847EA1021D}.Debug|Any CPU.ActiveCfg = Debug|Any CPU
		{56F9CFCB-A0ED-4E37-89FB-39847EA1021D}.Debug|Any CPU.Build.0 = Debug|Any CPU
		{56F9CFCB-A0ED-4E37-89FB-39847EA1021D}.Debug|ARM.ActiveCfg = Debug|Any CPU
		{56F9CFCB-A0ED-4E37-89FB-39847EA1021D}.Debug|ARM.Build.0 = Debug|Any CPU
		{56F9CFCB-A0ED-4E37-89FB-39847EA1021D}.Debug|x64.ActiveCfg = Debug|Any CPU
		{56F9CFCB-A0ED-4E37-89FB-39847EA1021D}.Debug|x64.Build.0 = Debug|Any CPU
		{56F9CFCB-A0ED-4E37-89FB-39847EA1021D}.Debug|x86.ActiveCfg = Debug|Any CPU
		{56F9CFCB-A0ED-4E37-89FB-39847EA1021D}.Debug|x86.Build.0 = Debug|Any CPU
		{56F9CFCB-A0ED-4E37-89FB-39847EA1021D}.Release|Any CPU.ActiveCfg = Release|Any CPU
		{56F9CFCB-A0ED-4E37-89FB-39847EA1021D}.Release|Any CPU.Build.0 = Release|Any CPU
		{56F9CFCB-A0ED-4E37-89FB-39847EA1021D}.Release|ARM.ActiveCfg = Release|Any CPU
		{56F9CFCB-A0ED-4E37-89FB-39847EA1021D}.Release|ARM.Build.0 = Release|Any CPU
		{56F9CFCB-A0ED-4E37-89FB-39847EA1021D}.Release|x64.ActiveCfg = Release|Any CPU
		{56F9CFCB-A0ED-4E37-89FB-39847EA1021D}.Release|x64.Build.0 = Release|Any CPU
		{56F9CFCB-A0ED-4E37-89FB-39847EA1021D}.Release|x86.ActiveCfg = Release|Any CPU
		{56F9CFCB-A0ED-4E37-89FB-39847EA1021D}.Release|x86.Build.0 = Release|Any CPU
		{1E0E3F95-6659-4929-A948-355E06C1476C}.Debug|Any CPU.ActiveCfg = Debug|x64
		{1E0E3F95-6659-4929-A948-355E06C1476C}.Debug|Any CPU.Build.0 = Debug|x64
		{1E0E3F95-6659-4929-A948-355E06C1476C}.Debug|ARM.ActiveCfg = Debug|x64
		{1E0E3F95-6659-4929-A948-355E06C1476C}.Debug|ARM.Build.0 = Debug|x64
		{1E0E3F95-6659-4929-A948-355E06C1476C}.Debug|x64.ActiveCfg = Debug|x64
		{1E0E3F95-6659-4929-A948-355E06C1476C}.Debug|x64.Build.0 = Debug|x64
		{1E0E3F95-6659-4929-A948-355E06C1476C}.Debug|x86.ActiveCfg = Debug|Win32
		{1E0E3F95-6659-4929-A948-355E06C1476C}.Debug|x86.Build.0 = Debug|Win32
		{1E0E3F95-6659-4929-A948-355E06C1476C}.Release|Any CPU.ActiveCfg = Release|x64
		{1E0E3F95-6659-4929-A948-355E06C1476C}.Release|Any CPU.Build.0 = Release|x64
		{1E0E3F95-6659-4929-A948-355E06C1476C}.Release|ARM.ActiveCfg = Release|x64
		{1E0E3F95-6659-4929-A948-355E06C1476C}.Release|ARM.Build.0 = Release|x64
		{1E0E3F95-6659-4929-A948-355E06C1476C}.Release|x64.ActiveCfg = Release|x64
		{1E0E3F95-6659-4929-A948-355E06C1476C}.Release|x64.Build.0 = Release|x64
		{1E0E3F95-6659-4929-A948-355E06C1476C}.Release|x86.ActiveCfg = Release|Win32
		{1E0E3F95-6659-4929-A948-355E06C1476C}.Release|x86.Build.0 = Release|Win32
		{B890BCCB-616B-46F6-BAB4-29AFBBBF07F0}.Debug|Any CPU.ActiveCfg = Debug|x64
		{B890BCCB-616B-46F6-BAB4-29AFBBBF07F0}.Debug|Any CPU.Build.0 = Debug|x64
		{B890BCCB-616B-46F6-BAB4-29AFBBBF07F0}.Debug|ARM.ActiveCfg = Debug|x64
		{B890BCCB-616B-46F6-BAB4-29AFBBBF07F0}.Debug|ARM.Build.0 = Debug|x64
		{B890BCCB-616B-46F6-BAB4-29AFBBBF07F0}.Debug|x64.ActiveCfg = Debug|x64
		{B890BCCB-616B-46F6-BAB4-29AFBBBF07F0}.Debug|x64.Build.0 = Debug|x64
		{B890BCCB-616B-46F6-BAB4-29AFBBBF07F0}.Debug|x86.ActiveCfg = Debug|Win32
		{B890BCCB-616B-46F6-BAB4-29AFBBBF07F0}.Debug|x86.Build.0 = Debug|Win32
		{B890BCCB-616B-46F6-BAB4-29AFBBBF07F0}.Release|Any CPU.ActiveCfg = Release|x64
		{B890BCCB-616B-46F6-BAB4-29AFBBBF07F0}.Release|Any CPU.Build.0 = Release|x64
		{B890BCCB-616B-46F6-BAB4-29AFBBBF07F0}.Release|ARM.ActiveCfg = Release|x64
		{B890BCCB-616B-46F6-BAB4-29AFBBBF07F0}.Release|ARM.Build.0 = Release|x64
		{B890BCCB-616B-46F6-BAB4-29AFBBBF07F0}.Release|x64.ActiveCfg = Release|x64
		{B890BCCB-616B-46F6-BAB4-29AFBBBF07F0}.Release|x64.Build.0 = Release|x64
		{B890BCCB-616B-46F6-BAB4-29AFBBBF07F0}.Release|x86.ActiveCfg = Release|Win32
		{B890BCCB-616B-46F6-BAB4-29AFBBBF07F0}.Release|x86.Build.0 = Release|Win32
	EndGlobalSection
	GlobalSection(SolutionProperties) = preSolution
		HideSolutionNode = FALSE
	EndGlobalSection
	GlobalSection(NestedProjects) = preSolution
		{7B5C39FB-826B-4FCC-9B2E-90D025688FAE} = {DE2894DA-DE1D-4BB3-A2D8-25E9243DA71B}
		{65C76D11-E19D-4622-B6AC-799CA0B1BF5C} = {2A17E0E0-F60D-4C30-8D54-9678138FD709}
		{B4DB5AF4-F09F-4BBA-9122-127AC30229F0} = {2A17E0E0-F60D-4C30-8D54-9678138FD709}
		{CA04CCA4-477D-436C-8DF9-40BDA121FB22} = {DE2894DA-DE1D-4BB3-A2D8-25E9243DA71B}
		{9E14A1E4-2C6C-4208-8E49-43BE68E30826} = {DE2894DA-DE1D-4BB3-A2D8-25E9243DA71B}
		{1E0E3F95-6659-4929-A948-355E06C1476C} = {2A17E0E0-F60D-4C30-8D54-9678138FD709}
		{B890BCCB-616B-46F6-BAB4-29AFBBBF07F0} = {DE2894DA-DE1D-4BB3-A2D8-25E9243DA71B}
	EndGlobalSection
	GlobalSection(ExtensibilityGlobals) = postSolution
		SolutionGuid = {74CA38BF-A3FB-49F4-A69B-CB0D52BED6F9}
	EndGlobalSection
EndGlobal
