
Microsoft Visual Studio Solution File, Format Version 12.00
# Visual Studio Version 16
VisualStudioVersion = 16.0.30804.86
MinimumVisualStudioVersion = 10.0.40219.1
Project("{9A19103F-16F7-4668-BE54-9A1E7A4F7556}") = "Compton GUI WPF", "Compton GUI WPF\Compton GUI WPF.csproj", "{0C6A08D3-9E16-424B-A54C-2CBF4B5FB2B9}"
EndProject
Project("{8BC9CEB8-8B4A-11D0-8D11-00A0C91BC942}") = "Wrapper", "SLAM wrapper\SLAM wrapper.vcxproj", "{D97493EF-BB66-40AB-BF63-D02BF7B3C911}"
EndProject
Project("{2150E333-8FDC-42A3-9474-1A3956D46DE8}") = "SLAM", "SLAM", "{DE2894DA-DE1D-4BB3-A2D8-25E9243DA71B}"
EndProject
Project("{8BC9CEB8-8B4A-11D0-8D11-00A0C91BC942}") = "Realsense Control Library", "Realsense Control Library\Realsense Control Library.vcxproj", "{7B5C39FB-826B-4FCC-9B2E-90D025688FAE}"
EndProject
Project("{8BC9CEB8-8B4A-11D0-8D11-00A0C91BC942}") = "testclr", "testclr\testclr.vcxproj", "{BF7578F6-BB4A-4C09-A3EF-0BBD27EF3050}"
EndProject
Project("{2150E333-8FDC-42A3-9474-1A3956D46DE8}") = "Data aqusition", "Data aqusition", "{2A17E0E0-F60D-4C30-8D54-9678138FD709}"
EndProject
Project("{8BC9CEB8-8B4A-11D0-8D11-00A0C91BC942}") = "Image reconstruction", "Image reconstruction\Image reconstruction.vcxproj", "{65C76D11-E19D-4622-B6AC-799CA0B1BF5C}"
EndProject
Project("{8BC9CEB8-8B4A-11D0-8D11-00A0C91BC942}") = "TestDataAqusition", "TestDataAqusition\TestDataAqusition.vcxproj", "{7522267C-624D-443B-AD1D-015A5B372489}"
	ProjectSection(ProjectDependencies) = postProject
		{65C76D11-E19D-4622-B6AC-799CA0B1BF5C} = {65C76D11-E19D-4622-B6AC-799CA0B1BF5C}
	EndProjectSection
EndProject
Project("{9A19103F-16F7-4668-BE54-9A1E7A4F7556}") = "SRE3021 API", "SRE3021 API\SRE3021 API.csproj", "{4445ED1C-B2E2-405C-9ABF-0BA76CA569C5}"
EndProject
Global
	GlobalSection(SolutionConfigurationPlatforms) = preSolution
		Debug|Any CPU = Debug|Any CPU
		Debug|x64 = Debug|x64
		Debug|x86 = Debug|x86
		Release|Any CPU = Release|Any CPU
		Release|x64 = Release|x64
		Release|x86 = Release|x86
	EndGlobalSection
	GlobalSection(ProjectConfigurationPlatforms) = postSolution
		{0C6A08D3-9E16-424B-A54C-2CBF4B5FB2B9}.Debug|Any CPU.ActiveCfg = Debug|Any CPU
		{0C6A08D3-9E16-424B-A54C-2CBF4B5FB2B9}.Debug|Any CPU.Build.0 = Debug|Any CPU
		{0C6A08D3-9E16-424B-A54C-2CBF4B5FB2B9}.Debug|x64.ActiveCfg = Debug|x64
		{0C6A08D3-9E16-424B-A54C-2CBF4B5FB2B9}.Debug|x64.Build.0 = Debug|x64
		{0C6A08D3-9E16-424B-A54C-2CBF4B5FB2B9}.Debug|x86.ActiveCfg = Debug|Any CPU
		{0C6A08D3-9E16-424B-A54C-2CBF4B5FB2B9}.Debug|x86.Build.0 = Debug|Any CPU
		{0C6A08D3-9E16-424B-A54C-2CBF4B5FB2B9}.Release|Any CPU.ActiveCfg = Release|Any CPU
		{0C6A08D3-9E16-424B-A54C-2CBF4B5FB2B9}.Release|Any CPU.Build.0 = Release|Any CPU
		{0C6A08D3-9E16-424B-A54C-2CBF4B5FB2B9}.Release|x64.ActiveCfg = Release|x64
		{0C6A08D3-9E16-424B-A54C-2CBF4B5FB2B9}.Release|x64.Build.0 = Release|x64
		{0C6A08D3-9E16-424B-A54C-2CBF4B5FB2B9}.Release|x86.ActiveCfg = Release|Any CPU
		{0C6A08D3-9E16-424B-A54C-2CBF4B5FB2B9}.Release|x86.Build.0 = Release|Any CPU
		{D97493EF-BB66-40AB-BF63-D02BF7B3C911}.Debug|Any CPU.ActiveCfg = Debug|Win32
		{D97493EF-BB66-40AB-BF63-D02BF7B3C911}.Debug|x64.ActiveCfg = Debug|x64
		{D97493EF-BB66-40AB-BF63-D02BF7B3C911}.Debug|x64.Build.0 = Debug|x64
		{D97493EF-BB66-40AB-BF63-D02BF7B3C911}.Debug|x86.ActiveCfg = Debug|Win32
		{D97493EF-BB66-40AB-BF63-D02BF7B3C911}.Debug|x86.Build.0 = Debug|Win32
		{D97493EF-BB66-40AB-BF63-D02BF7B3C911}.Release|Any CPU.ActiveCfg = Release|Win32
		{D97493EF-BB66-40AB-BF63-D02BF7B3C911}.Release|x64.ActiveCfg = Release|x64
		{D97493EF-BB66-40AB-BF63-D02BF7B3C911}.Release|x64.Build.0 = Release|x64
		{D97493EF-BB66-40AB-BF63-D02BF7B3C911}.Release|x86.ActiveCfg = Release|Win32
		{D97493EF-BB66-40AB-BF63-D02BF7B3C911}.Release|x86.Build.0 = Release|Win32
		{7B5C39FB-826B-4FCC-9B2E-90D025688FAE}.Debug|Any CPU.ActiveCfg = Debug|Win32
		{7B5C39FB-826B-4FCC-9B2E-90D025688FAE}.Debug|x64.ActiveCfg = Debug|x64
		{7B5C39FB-826B-4FCC-9B2E-90D025688FAE}.Debug|x64.Build.0 = Debug|x64
		{7B5C39FB-826B-4FCC-9B2E-90D025688FAE}.Debug|x86.ActiveCfg = Debug|Win32
		{7B5C39FB-826B-4FCC-9B2E-90D025688FAE}.Debug|x86.Build.0 = Debug|Win32
		{7B5C39FB-826B-4FCC-9B2E-90D025688FAE}.Release|Any CPU.ActiveCfg = Release|Win32
		{7B5C39FB-826B-4FCC-9B2E-90D025688FAE}.Release|x64.ActiveCfg = Release|x64
		{7B5C39FB-826B-4FCC-9B2E-90D025688FAE}.Release|x64.Build.0 = Release|x64
		{7B5C39FB-826B-4FCC-9B2E-90D025688FAE}.Release|x86.ActiveCfg = Release|Win32
		{7B5C39FB-826B-4FCC-9B2E-90D025688FAE}.Release|x86.Build.0 = Release|Win32
		{BF7578F6-BB4A-4C09-A3EF-0BBD27EF3050}.Debug|Any CPU.ActiveCfg = Debug|Win32
		{BF7578F6-BB4A-4C09-A3EF-0BBD27EF3050}.Debug|x64.ActiveCfg = Debug|x64
		{BF7578F6-BB4A-4C09-A3EF-0BBD27EF3050}.Debug|x64.Build.0 = Debug|x64
		{BF7578F6-BB4A-4C09-A3EF-0BBD27EF3050}.Debug|x86.ActiveCfg = Debug|Win32
		{BF7578F6-BB4A-4C09-A3EF-0BBD27EF3050}.Debug|x86.Build.0 = Debug|Win32
		{BF7578F6-BB4A-4C09-A3EF-0BBD27EF3050}.Release|Any CPU.ActiveCfg = Release|Win32
		{BF7578F6-BB4A-4C09-A3EF-0BBD27EF3050}.Release|x64.ActiveCfg = Release|x64
		{BF7578F6-BB4A-4C09-A3EF-0BBD27EF3050}.Release|x64.Build.0 = Release|x64
		{BF7578F6-BB4A-4C09-A3EF-0BBD27EF3050}.Release|x86.ActiveCfg = Release|Win32
		{BF7578F6-BB4A-4C09-A3EF-0BBD27EF3050}.Release|x86.Build.0 = Release|Win32
		{65C76D11-E19D-4622-B6AC-799CA0B1BF5C}.Debug|Any CPU.ActiveCfg = Debug|Win32
		{65C76D11-E19D-4622-B6AC-799CA0B1BF5C}.Debug|x64.ActiveCfg = Debug|x64
		{65C76D11-E19D-4622-B6AC-799CA0B1BF5C}.Debug|x64.Build.0 = Debug|x64
		{65C76D11-E19D-4622-B6AC-799CA0B1BF5C}.Debug|x86.ActiveCfg = Debug|Win32
		{65C76D11-E19D-4622-B6AC-799CA0B1BF5C}.Debug|x86.Build.0 = Debug|Win32
		{65C76D11-E19D-4622-B6AC-799CA0B1BF5C}.Release|Any CPU.ActiveCfg = Release|Win32
		{65C76D11-E19D-4622-B6AC-799CA0B1BF5C}.Release|x64.ActiveCfg = Release|x64
		{65C76D11-E19D-4622-B6AC-799CA0B1BF5C}.Release|x64.Build.0 = Release|x64
		{65C76D11-E19D-4622-B6AC-799CA0B1BF5C}.Release|x86.ActiveCfg = Release|Win32
		{65C76D11-E19D-4622-B6AC-799CA0B1BF5C}.Release|x86.Build.0 = Release|Win32
		{7522267C-624D-443B-AD1D-015A5B372489}.Debug|Any CPU.ActiveCfg = Debug|Win32
		{7522267C-624D-443B-AD1D-015A5B372489}.Debug|x64.ActiveCfg = Debug|x64
		{7522267C-624D-443B-AD1D-015A5B372489}.Debug|x64.Build.0 = Debug|x64
		{7522267C-624D-443B-AD1D-015A5B372489}.Debug|x86.ActiveCfg = Debug|Win32
		{7522267C-624D-443B-AD1D-015A5B372489}.Debug|x86.Build.0 = Debug|Win32
		{7522267C-624D-443B-AD1D-015A5B372489}.Release|Any CPU.ActiveCfg = Release|Win32
		{7522267C-624D-443B-AD1D-015A5B372489}.Release|x64.ActiveCfg = Release|x64
		{7522267C-624D-443B-AD1D-015A5B372489}.Release|x64.Build.0 = Release|x64
		{7522267C-624D-443B-AD1D-015A5B372489}.Release|x86.ActiveCfg = Release|Win32
		{7522267C-624D-443B-AD1D-015A5B372489}.Release|x86.Build.0 = Release|Win32
		{4445ED1C-B2E2-405C-9ABF-0BA76CA569C5}.Debug|Any CPU.ActiveCfg = Debug|Any CPU
		{4445ED1C-B2E2-405C-9ABF-0BA76CA569C5}.Debug|Any CPU.Build.0 = Debug|Any CPU
		{4445ED1C-B2E2-405C-9ABF-0BA76CA569C5}.Debug|x64.ActiveCfg = Debug|Any CPU
		{4445ED1C-B2E2-405C-9ABF-0BA76CA569C5}.Debug|x64.Build.0 = Debug|Any CPU
		{4445ED1C-B2E2-405C-9ABF-0BA76CA569C5}.Debug|x86.ActiveCfg = Debug|Any CPU
		{4445ED1C-B2E2-405C-9ABF-0BA76CA569C5}.Debug|x86.Build.0 = Debug|Any CPU
		{4445ED1C-B2E2-405C-9ABF-0BA76CA569C5}.Release|Any CPU.ActiveCfg = Release|Any CPU
		{4445ED1C-B2E2-405C-9ABF-0BA76CA569C5}.Release|Any CPU.Build.0 = Release|Any CPU
		{4445ED1C-B2E2-405C-9ABF-0BA76CA569C5}.Release|x64.ActiveCfg = Release|Any CPU
		{4445ED1C-B2E2-405C-9ABF-0BA76CA569C5}.Release|x64.Build.0 = Release|Any CPU
		{4445ED1C-B2E2-405C-9ABF-0BA76CA569C5}.Release|x86.ActiveCfg = Release|Any CPU
		{4445ED1C-B2E2-405C-9ABF-0BA76CA569C5}.Release|x86.Build.0 = Release|Any CPU
	EndGlobalSection
	GlobalSection(SolutionProperties) = preSolution
		HideSolutionNode = FALSE
	EndGlobalSection
	GlobalSection(NestedProjects) = preSolution
		{7B5C39FB-826B-4FCC-9B2E-90D025688FAE} = {DE2894DA-DE1D-4BB3-A2D8-25E9243DA71B}
		{BF7578F6-BB4A-4C09-A3EF-0BBD27EF3050} = {DE2894DA-DE1D-4BB3-A2D8-25E9243DA71B}
		{65C76D11-E19D-4622-B6AC-799CA0B1BF5C} = {2A17E0E0-F60D-4C30-8D54-9678138FD709}
		{7522267C-624D-443B-AD1D-015A5B372489} = {2A17E0E0-F60D-4C30-8D54-9678138FD709}
	EndGlobalSection
	GlobalSection(ExtensibilityGlobals) = postSolution
		SolutionGuid = {74CA38BF-A3FB-49F4-A69B-CB0D52BED6F9}
	EndGlobalSection
EndGlobal
